
Microsoft Visual Studio Solution File, Format Version 12.00
# Visual Studio Version 16
VisualStudioVersion = 16.0.31911.196
MinimumVisualStudioVersion = 10.0.40219.1
Project("{9A19103F-16F7-4668-BE54-9A1E7A4F7556}") = "UserManagementSystem", "UserManagementSystem.csproj", "{07A86D18-0F97-48D4-B9E6-5A1DF8E34DB0}"
EndProject
Project("{FAE04EC0-301F-11D3-BF4B-00C04F79EFBC}") = "TestUserManagement", "..\TestUserManagement\TestUserManagement.csproj", "{DF55A337-EC9A-4194-941D-AD050F9DBB45}"
EndProject
Global
	GlobalSection(SolutionConfigurationPlatforms) = preSolution
		Debug|Any CPU = Debug|Any CPU
		Release|Any CPU = Release|Any CPU
	EndGlobalSection
	GlobalSection(ProjectConfigurationPlatforms) = postSolution
		{07A86D18-0F97-48D4-B9E6-5A1DF8E34DB0}.Debug|Any CPU.ActiveCfg = Debug|Any CPU
		{07A86D18-0F97-48D4-B9E6-5A1DF8E34DB0}.Debug|Any CPU.Build.0 = Debug|Any CPU
		{07A86D18-0F97-48D4-B9E6-5A1DF8E34DB0}.Release|Any CPU.ActiveCfg = Release|Any CPU
		{07A86D18-0F97-48D4-B9E6-5A1DF8E34DB0}.Release|Any CPU.Build.0 = Release|Any CPU
		{DF55A337-EC9A-4194-941D-AD050F9DBB45}.Debug|Any CPU.ActiveCfg = Debug|Any CPU
		{DF55A337-EC9A-4194-941D-AD050F9DBB45}.Debug|Any CPU.Build.0 = Debug|Any CPU
		{DF55A337-EC9A-4194-941D-AD050F9DBB45}.Release|Any CPU.ActiveCfg = Release|Any CPU
		{DF55A337-EC9A-4194-941D-AD050F9DBB45}.Release|Any CPU.Build.0 = Release|Any CPU
	EndGlobalSection
	GlobalSection(SolutionProperties) = preSolution
		HideSolutionNode = FALSE
	EndGlobalSection
	GlobalSection(ExtensibilityGlobals) = postSolution
		SolutionGuid = {379101BA-85E6-46E6-B0DF-18A848D806B6}
	EndGlobalSection
EndGlobal
